// !$*UTF8*$!
{
	archiveVersion = 1;
	classes = {
	};
	objectVersion = 77;
	objects = {

/* Begin PBXBuildFile section */
		803919022F8B2DC000D53434 /* AMSMB2 in Frameworks */ = {isa = PBXBuildFile; productRef = 803919012F8B2DC000D53434 /* AMSMB2 */; };
		803919052F8B2E1000D53434 /* AsyncAlgorithms in Frameworks */ = {isa = PBXBuildFile; productRef = 803919042F8B2E1000D53434 /* AsyncAlgorithms */; };
		8039190A2F8B2DC000D53434 /* AMSMB2 in CopyFiles */ = {isa = PBXBuildFile; productRef = 803919012F8B2DC000D53434 /* AMSMB2 */; settings = {ATTRIBUTES = (CodeSignOnCopy, RemoveHeadersOnCopy, ); }; };
		80DD18BE2F93E7E50068CE87 /* lumvynWidget-Extension.appex in Embed ExtensionKit Extensions */ = {isa = PBXBuildFile; fileRef = 80DD18B52F93E7E50068CE87 /* lumvynWidget-Extension.appex */; settings = {ATTRIBUTES = (RemoveHeadersOnCopy, ); }; };
/* End PBXBuildFile section */

/* Begin PBXContainerItemProxy section */
		809080DA2F8AB03D00F2C35A /* PBXContainerItemProxy */ = {
			isa = PBXContainerItemProxy;
			containerPortal = 809080BD2F8AB03C00F2C35A /* Project object */;
			proxyType = 1;
			remoteGlobalIDString = 809080C42F8AB03C00F2C35A;
			remoteInfo = lumvyn;
		};
		809080E42F8AB03D00F2C35A /* PBXContainerItemProxy */ = {
			isa = PBXContainerItemProxy;
			containerPortal = 809080BD2F8AB03C00F2C35A /* Project object */;
			proxyType = 1;
			remoteGlobalIDString = 809080C42F8AB03C00F2C35A;
			remoteInfo = lumvyn;
		};
		80DD18BC2F93E7E50068CE87 /* PBXContainerItemProxy */ = {
			isa = PBXContainerItemProxy;
			containerPortal = 809080BD2F8AB03C00F2C35A /* Project object */;
			proxyType = 1;
			remoteGlobalIDString = 80DD18B42F93E7E50068CE87;
			remoteInfo = "lumvynWidget-Extension";
		};
/* End PBXContainerItemProxy section */

/* Begin PBXCopyFilesBuildPhase section */
		8039190B2F8B2DC000D53434 /* CopyFiles */ = {
			isa = PBXCopyFilesBuildPhase;
			buildActionMask = 2147483647;
			dstPath = "";
			dstSubfolderSpec = 10;
			files = (
				8039190A2F8B2DC000D53434 /* AMSMB2 in CopyFiles */,
			);
			runOnlyForDeploymentPostprocessing = 0;
		};
		80DD18C32F93E7E50068CE87 /* Embed ExtensionKit Extensions */ = {
			isa = PBXCopyFilesBuildPhase;
			buildActionMask = 2147483647;
			dstPath = "$(EXTENSIONS_FOLDER_PATH)";
			dstSubfolderSpec = 16;
			files = (
				80DD18BE2F93E7E50068CE87 /* lumvynWidget-Extension.appex in Embed ExtensionKit Extensions */,
			);
			name = "Embed ExtensionKit Extensions";
			runOnlyForDeploymentPostprocessing = 0;
		};
/* End PBXCopyFilesBuildPhase section */

/* Begin PBXFileReference section */
		809080C52F8AB03C00F2C35A /* lumvyn.app */ = {isa = PBXFileReference; explicitFileType = wrapper.application; includeInIndex = 0; path = lumvyn.app; sourceTree = BUILT_PRODUCTS_DIR; };
		809080D92F8AB03D00F2C35A /* lumvynTests.xctest */ = {isa = PBXFileReference; explicitFileType = wrapper.cfbundle; includeInIndex = 0; path = lumvynTests.xctest; sourceTree = BUILT_PRODUCTS_DIR; };
		809080E32F8AB03D00F2C35A /* lumvynUITests.xctest */ = {isa = PBXFileReference; explicitFileType = wrapper.cfbundle; includeInIndex = 0; path = lumvynUITests.xctest; sourceTree = BUILT_PRODUCTS_DIR; };
		80DD18B52F93E7E50068CE87 /* lumvynWidget-Extension.appex */ = {isa = PBXFileReference; explicitFileType = "wrapper.extensionkit-extension"; includeInIndex = 0; path = "lumvynWidget-Extension.appex"; sourceTree = BUILT_PRODUCTS_DIR; };
/* End PBXFileReference section */

/* Begin PBXFileSystemSynchronizedBuildFileExceptionSet section */
		809080EB2F8AB03D00F2C35A /* Exceptions for "lumvyn" folder in "lumvyn" target */ = {
			isa = PBXFileSystemSynchronizedBuildFileExceptionSet;
			membershipExceptions = (
				Info.plist,
			);
			target = 809080C42F8AB03C00F2C35A /* lumvyn */;
		};
		80AA48432F8D6A0500B192DB /* Exceptions for "lumvyn" folder in "lumvynTests" target */ = {
			isa = PBXFileSystemSynchronizedBuildFileExceptionSet;
			membershipExceptions = (
				lumyvn.icon,
			);
			target = 809080D82F8AB03D00F2C35A /* lumvynTests */;
		};
		80AA48442F8D6A0500B192DB /* Exceptions for "lumvyn" folder in "lumvynUITests" target */ = {
			isa = PBXFileSystemSynchronizedBuildFileExceptionSet;
			membershipExceptions = (
				lumyvn.icon,
			);
			target = 809080E22F8AB03D00F2C35A /* lumvynUITests */;
		};
		80DD18C22F93E7E50068CE87 /* Exceptions for "lumvynWidget-Extension" folder in "lumvynWidget-Extension" target */ = {
			isa = PBXFileSystemSynchronizedBuildFileExceptionSet;
			membershipExceptions = (
				Info.plist,
			);
			target = 80DD18B42F93E7E50068CE87 /* lumvynWidget-Extension */;
		};
/* End PBXFileSystemSynchronizedBuildFileExceptionSet section */

/* Begin PBXFileSystemSynchronizedRootGroup section */
		809080C72F8AB03C00F2C35A /* lumvyn */ = {
			isa = PBXFileSystemSynchronizedRootGroup;
			exceptions = (
				809080EB2F8AB03D00F2C35A /* Exceptions for "lumvyn" folder in "lumvyn" target */,
				80AA48432F8D6A0500B192DB /* Exceptions for "lumvyn" folder in "lumvynTests" target */,
				80AA48442F8D6A0500B192DB /* Exceptions for "lumvyn" folder in "lumvynUITests" target */,
			);
			path = lumvyn;
			sourceTree = "<group>";
		};
		809080DC2F8AB03D00F2C35A /* lumvynTests */ = {
			isa = PBXFileSystemSynchronizedRootGroup;
			path = lumvynTests;
			sourceTree = "<group>";
		};
		809080E62F8AB03D00F2C35A /* lumvynUITests */ = {
			isa = PBXFileSystemSynchronizedRootGroup;
			path = lumvynUITests;
			sourceTree = "<group>";
		};
		80DD18B62F93E7E50068CE87 /* lumvynWidget-Extension */ = {
			isa = PBXFileSystemSynchronizedRootGroup;
			exceptions = (
				80DD18C22F93E7E50068CE87 /* Exceptions for "lumvynWidget-Extension" folder in "lumvynWidget-Extension" target */,
			);
			path = "lumvynWidget-Extension";
			sourceTree = "<group>";
		};
/* End PBXFileSystemSynchronizedRootGroup section */

/* Begin PBXFrameworksBuildPhase section */
		809080C22F8AB03C00F2C35A /* Frameworks */ = {
			isa = PBXFrameworksBuildPhase;
			buildActionMask = 2147483647;
			files = (
				803919022F8B2DC000D53434 /* AMSMB2 in Frameworks */,
				803919052F8B2E1000D53434 /* AsyncAlgorithms in Frameworks */,
			);
			runOnlyForDeploymentPostprocessing = 0;
		};
		809080D62F8AB03D00F2C35A /* Frameworks */ = {
			isa = PBXFrameworksBuildPhase;
			buildActionMask = 2147483647;
			files = (
			);
			runOnlyForDeploymentPostprocessing = 0;
		};
		809080E02F8AB03D00F2C35A /* Frameworks */ = {
			isa = PBXFrameworksBuildPhase;
			buildActionMask = 2147483647;
			files = (
			);
			runOnlyForDeploymentPostprocessing = 0;
		};
		80DD18B22F93E7E50068CE87 /* Frameworks */ = {
			isa = PBXFrameworksBuildPhase;
			buildActionMask = 2147483647;
			files = (
			);
			runOnlyForDeploymentPostprocessing = 0;
		};
/* End PBXFrameworksBuildPhase section */

/* Begin PBXGroup section */
		809080BC2F8AB03C00F2C35A = {
			isa = PBXGroup;
			children = (
				809080C72F8AB03C00F2C35A /* lumvyn */,
				809080DC2F8AB03D00F2C35A /* lumvynTests */,
				809080E62F8AB03D00F2C35A /* lumvynUITests */,
				80DD18B62F93E7E50068CE87 /* lumvynWidget-Extension */,
				809080C62F8AB03C00F2C35A /* Products */,
			);
			sourceTree = "<group>";
		};
		809080C62F8AB03C00F2C35A /* Products */ = {
			isa = PBXGroup;
			children = (
				809080C52F8AB03C00F2C35A /* lumvyn.app */,
				809080D92F8AB03D00F2C35A /* lumvynTests.xctest */,
				809080E32F8AB03D00F2C35A /* lumvynUITests.xctest */,
				80DD18B52F93E7E50068CE87 /* lumvynWidget-Extension.appex */,
			);
			name = Products;
			sourceTree = "<group>";
		};
/* End PBXGroup section */

/* Begin PBXNativeTarget section */
		809080C42F8AB03C00F2C35A /* lumvyn */ = {
			isa = PBXNativeTarget;
			buildConfigurationList = 809080EC2F8AB03D00F2C35A /* Build configuration list for PBXNativeTarget "lumvyn" */;
			buildPhases = (
				809080C12F8AB03C00F2C35A /* Sources */,
				809080C22F8AB03C00F2C35A /* Frameworks */,
				8039190B2F8B2DC000D53434 /* CopyFiles */,
				809080C32F8AB03C00F2C35A /* Resources */,
				80DD18C32F93E7E50068CE87 /* Embed ExtensionKit Extensions */,
			);
			buildRules = (
			);
			dependencies = (
				80DD18BD2F93E7E50068CE87 /* PBXTargetDependency */,
			);
			fileSystemSynchronizedGroups = (
				809080C72F8AB03C00F2C35A /* lumvyn */,
			);
			name = lumvyn;
			packageProductDependencies = (
				803919012F8B2DC000D53434 /* AMSMB2 */,
				803919042F8B2E1000D53434 /* AsyncAlgorithms */,
			);
			productName = lumvyn;
			productReference = 809080C52F8AB03C00F2C35A /* lumvyn.app */;
			productType = "com.apple.product-type.application";
		};
		809080D82F8AB03D00F2C35A /* lumvynTests */ = {
			isa = PBXNativeTarget;
			buildConfigurationList = 809080F12F8AB03D00F2C35A /* Build configuration list for PBXNativeTarget "lumvynTests" */;
			buildPhases = (
				809080D52F8AB03D00F2C35A /* Sources */,
				809080D62F8AB03D00F2C35A /* Frameworks */,
				809080D72F8AB03D00F2C35A /* Resources */,
			);
			buildRules = (
			);
			dependencies = (
				809080DB2F8AB03D00F2C35A /* PBXTargetDependency */,
			);
			fileSystemSynchronizedGroups = (
				809080DC2F8AB03D00F2C35A /* lumvynTests */,
			);
			name = lumvynTests;
			packageProductDependencies = (
			);
			productName = lumvynTests;
			productReference = 809080D92F8AB03D00F2C35A /* lumvynTests.xctest */;
			productType = "com.apple.product-type.bundle.unit-test";
		};
		809080E22F8AB03D00F2C35A /* lumvynUITests */ = {
			isa = PBXNativeTarget;
			buildConfigurationList = 809080F42F8AB03D00F2C35A /* Build configuration list for PBXNativeTarget "lumvynUITests" */;
			buildPhases = (
				809080DF2F8AB03D00F2C35A /* Sources */,
				809080E02F8AB03D00F2C35A /* Frameworks */,
				809080E12F8AB03D00F2C35A /* Resources */,
			);
			buildRules = (
			);
			dependencies = (
				809080E52F8AB03D00F2C35A /* PBXTargetDependency */,
			);
			fileSystemSynchronizedGroups = (
				809080E62F8AB03D00F2C35A /* lumvynUITests */,
			);
			name = lumvynUITests;
			packageProductDependencies = (
			);
			productName = lumvynUITests;
			productReference = 809080E32F8AB03D00F2C35A /* lumvynUITests.xctest */;
			productType = "com.apple.product-type.bundle.ui-testing";
		};
		80DD18B42F93E7E50068CE87 /* lumvynWidget-Extension */ = {
			isa = PBXNativeTarget;
			buildConfigurationList = 80DD18BF2F93E7E50068CE87 /* Build configuration list for PBXNativeTarget "lumvynWidget-Extension" */;
			buildPhases = (
				80DD18B12F93E7E50068CE87 /* Sources */,
				80DD18B22F93E7E50068CE87 /* Frameworks */,
				80DD18B32F93E7E50068CE87 /* Resources */,
			);
			buildRules = (
			);
			dependencies = (
			);
			fileSystemSynchronizedGroups = (
				80DD18B62F93E7E50068CE87 /* lumvynWidget-Extension */,
			);
			name = "lumvynWidget-Extension";
			packageProductDependencies = (
			);
			productName = "lumvynWidget-Extension";
			productReference = 80DD18B52F93E7E50068CE87 /* lumvynWidget-Extension.appex */;
			productType = "com.apple.product-type.extensionkit-extension";
		};
/* End PBXNativeTarget section */

/* Begin PBXProject section */
		809080BD2F8AB03C00F2C35A /* Project object */ = {
			isa = PBXProject;
			attributes = {
				BuildIndependentTargetsInParallel = 1;
				LastSwiftUpdateCheck = 2640;
				LastUpgradeCheck = 2640;
				TargetAttributes = {
					809080C42F8AB03C00F2C35A = {
						CreatedOnToolsVersion = 26.4;
					};
					809080D82F8AB03D00F2C35A = {
						CreatedOnToolsVersion = 26.4;
						TestTargetID = 809080C42F8AB03C00F2C35A;
					};
					809080E22F8AB03D00F2C35A = {
						CreatedOnToolsVersion = 26.4;
						TestTargetID = 809080C42F8AB03C00F2C35A;
					};
					80DD18B42F93E7E50068CE87 = {
						CreatedOnToolsVersion = 26.4.1;
					};
				};
			};
			buildConfigurationList = 809080C02F8AB03C00F2C35A /* Build configuration list for PBXProject "lumvyn" */;
			developmentRegion = en;
			hasScannedForEncodings = 0;
			knownRegions = (
				en,
				Base,
				de,
			);
			mainGroup = 809080BC2F8AB03C00F2C35A;
			minimizedProjectReferenceProxies = 1;
			packageReferences = (
				803919002F8B2DC000D53434 /* XCRemoteSwiftPackageReference "AMSMB2" */,
				803919032F8B2E1000D53434 /* XCRemoteSwiftPackageReference "swift-async-algorithms" */,
			);
			preferredProjectObjectVersion = 77;
			productRefGroup = 809080C62F8AB03C00F2C35A /* Products */;
			projectDirPath = "";
			projectRoot = "";
			targets = (
				809080C42F8AB03C00F2C35A /* lumvyn */,
				809080D82F8AB03D00F2C35A /* lumvynTests */,
				809080E22F8AB03D00F2C35A /* lumvynUITests */,
				80DD18B42F93E7E50068CE87 /* lumvynWidget-Extension */,
			);
		};
/* End PBXProject section */

/* Begin PBXResourcesBuildPhase section */
		809080C32F8AB03C00F2C35A /* Resources */ = {
			isa = PBXResourcesBuildPhase;
			buildActionMask = 2147483647;
			files = (
			);
			runOnlyForDeploymentPostprocessing = 0;
		};
		809080D72F8AB03D00F2C35A /* Resources */ = {
			isa = PBXResourcesBuildPhase;
			buildActionMask = 2147483647;
			files = (
			);
			runOnlyForDeploymentPostprocessing = 0;
		};
		809080E12F8AB03D00F2C35A /* Resources */ = {
			isa = PBXResourcesBuildPhase;
			buildActionMask = 2147483647;
			files = (
			);
			runOnlyForDeploymentPostprocessing = 0;
		};
		80DD18B32F93E7E50068CE87 /* Resources */ = {
			isa = PBXResourcesBuildPhase;
			buildActionMask = 2147483647;
			files = (
			);
			runOnlyForDeploymentPostprocessing = 0;
		};
/* End PBXResourcesBuildPhase section */

/* Begin PBXSourcesBuildPhase section */
		809080C12F8AB03C00F2C35A /* Sources */ = {
			isa = PBXSourcesBuildPhase;
			buildActionMask = 2147483647;
			files = (
			);
			runOnlyForDeploymentPostprocessing = 0;
		};
		809080D52F8AB03D00F2C35A /* Sources */ = {
			isa = PBXSourcesBuildPhase;
			buildActionMask = 2147483647;
			files = (
			);
			runOnlyForDeploymentPostprocessing = 0;
		};
		809080DF2F8AB03D00F2C35A /* Sources */ = {
			isa = PBXSourcesBuildPhase;
			buildActionMask = 2147483647;
			files = (
			);
			runOnlyForDeploymentPostprocessing = 0;
		};
		80DD18B12F93E7E50068CE87 /* Sources */ = {
			isa = PBXSourcesBuildPhase;
			buildActionMask = 2147483647;
			files = (
			);
			runOnlyForDeploymentPostprocessing = 0;
		};
/* End PBXSourcesBuildPhase section */

/* Begin PBXTargetDependency section */
		809080DB2F8AB03D00F2C35A /* PBXTargetDependency */ = {
			isa = PBXTargetDependency;
			target = 809080C42F8AB03C00F2C35A /* lumvyn */;
			targetProxy = 809080DA2F8AB03D00F2C35A /* PBXContainerItemProxy */;
		};
		809080E52F8AB03D00F2C35A /* PBXTargetDependency */ = {
			isa = PBXTargetDependency;
			target = 809080C42F8AB03C00F2C35A /* lumvyn */;
			targetProxy = 809080E42F8AB03D00F2C35A /* PBXContainerItemProxy */;
		};
		80DD18BD2F93E7E50068CE87 /* PBXTargetDependency */ = {
			isa = PBXTargetDependency;
			target = 80DD18B42F93E7E50068CE87 /* lumvynWidget-Extension */;
			targetProxy = 80DD18BC2F93E7E50068CE87 /* PBXContainerItemProxy */;
		};
/* End PBXTargetDependency section */

/* Begin XCBuildConfiguration section */
		809080ED2F8AB03D00F2C35A /* Debug */ = {
			isa = XCBuildConfiguration;
			buildSettings = {
				ASSETCATALOG_COMPILER_APPICON_NAME = lumyvn;
				ASSETCATALOG_COMPILER_GLOBAL_ACCENT_COLOR_NAME = AccentColor;
				ASSETCATALOG_COMPILER_INCLUDE_ALL_APPICON_ASSETS = NO;
				CODE_SIGN_STYLE = Automatic;
				CURRENT_PROJECT_VERSION = 1;
				DEVELOPMENT_TEAM = UHU4BKA2VU;
				ENABLE_APP_SANDBOX = YES;
				ENABLE_HARDENED_RUNTIME = YES;
				ENABLE_PREVIEWS = YES;
				ENABLE_USER_SELECTED_FILES = readonly;
				GENERATE_INFOPLIST_FILE = YES;
				INFOPLIST_FILE = lumvyn/Info.plist;
				INFOPLIST_KEY_CFBundleDisplayName = Lumvyn;
				INFOPLIST_KEY_NSPhotoLibraryUsageDescription = "Die App benötigt Zugriff auf die Fotos-Mediathek, um neue Fotos und Videos automatisch hochzuladen.";
				"INFOPLIST_KEY_UIApplicationSceneManifest_Generation[sdk=iphoneos*]" = YES;
				"INFOPLIST_KEY_UIApplicationSceneManifest_Generation[sdk=iphonesimulator*]" = YES;
				"INFOPLIST_KEY_UIApplicationSupportsIndirectInputEvents[sdk=iphoneos*]" = YES;
				"INFOPLIST_KEY_UIApplicationSupportsIndirectInputEvents[sdk=iphonesimulator*]" = YES;
				"INFOPLIST_KEY_UILaunchScreen_Generation[sdk=iphoneos*]" = YES;
				"INFOPLIST_KEY_UILaunchScreen_Generation[sdk=iphonesimulator*]" = YES;
				"INFOPLIST_KEY_UIStatusBarStyle[sdk=iphoneos*]" = UIStatusBarStyleDefault;
				"INFOPLIST_KEY_UIStatusBarStyle[sdk=iphonesimulator*]" = UIStatusBarStyleDefault;
				INFOPLIST_KEY_UISupportedInterfaceOrientations = "UIInterfaceOrientationLandscapeLeft UIInterfaceOrientationLandscapeRight UIInterfaceOrientationPortrait UIInterfaceOrientationPortraitUpsideDown";
				IPHONEOS_DEPLOYMENT_TARGET = 26.4;
				LD_RUNPATH_SEARCH_PATHS = "@executable_path/Frameworks";
				"LD_RUNPATH_SEARCH_PATHS[sdk=macosx*]" = "@executable_path/../Frameworks";
				MACOSX_DEPLOYMENT_TARGET = 26.4;
				MARKETING_VERSION = 1.0;
				PRODUCT_BUNDLE_IDENTIFIER = tasio.lumvyn;
				PRODUCT_NAME = "$(TARGET_NAME)";
				REGISTER_APP_GROUPS = YES;
				SDKROOT = auto;
				STRING_CATALOG_GENERATE_SYMBOLS = YES;
				SUPPORTED_PLATFORMS = "appletvos appletvsimulator iphoneos iphonesimulator macosx xros xrsimulator";
				SUPPORTS_MACCATALYST = YES;
				SUPPORTS_XR_DESIGNED_FOR_IPHONE_IPAD = YES;
				SWIFT_APPROACHABLE_CONCURRENCY = YES;
				SWIFT_DEFAULT_ACTOR_ISOLATION = MainActor;
				SWIFT_EMIT_LOC_STRINGS = YES;
				SWIFT_UPCOMING_FEATURE_MEMBER_IMPORT_VISIBILITY = YES;
				SWIFT_VERSION = 5.0;
				TARGETED_DEVICE_FAMILY = "1,2,3,7";
				XROS_DEPLOYMENT_TARGET = 26.4;
			};
			name = Debug;
		};
		809080EE2F8AB03D00F2C35A /* Release */ = {
			isa = XCBuildConfiguration;
			buildSettings = {
				ASSETCATALOG_COMPILER_APPICON_NAME = lumyvn;
				ASSETCATALOG_COMPILER_GLOBAL_ACCENT_COLOR_NAME = AccentColor;
				ASSETCATALOG_COMPILER_INCLUDE_ALL_APPICON_ASSETS = NO;
				CODE_SIGN_STYLE = Automatic;
				CURRENT_PROJECT_VERSION = 1;
				DEVELOPMENT_TEAM = UHU4BKA2VU;
				ENABLE_APP_SANDBOX = YES;
				ENABLE_HARDENED_RUNTIME = YES;
				ENABLE_PREVIEWS = YES;
				ENABLE_USER_SELECTED_FILES = readonly;
				GENERATE_INFOPLIST_FILE = YES;
				INFOPLIST_FILE = lumvyn/Info.plist;
				INFOPLIST_KEY_CFBundleDisplayName = Lumvyn;
				INFOPLIST_KEY_NSPhotoLibraryUsageDescription = "Die App benötigt Zugriff auf die Fotos-Mediathek, um neue Fotos und Videos automatisch hochzuladen.";
				"INFOPLIST_KEY_UIApplicationSceneManifest_Generation[sdk=iphoneos*]" = YES;
				"INFOPLIST_KEY_UIApplicationSceneManifest_Generation[sdk=iphonesimulator*]" = YES;
				"INFOPLIST_KEY_UIApplicationSupportsIndirectInputEvents[sdk=iphoneos*]" = YES;
				"INFOPLIST_KEY_UIApplicationSupportsIndirectInputEvents[sdk=iphonesimulator*]" = YES;
				"INFOPLIST_KEY_UILaunchScreen_Generation[sdk=iphoneos*]" = YES;
				"INFOPLIST_KEY_UILaunchScreen_Generation[sdk=iphonesimulator*]" = YES;
				"INFOPLIST_KEY_UIStatusBarStyle[sdk=iphoneos*]" = UIStatusBarStyleDefault;
				"INFOPLIST_KEY_UIStatusBarStyle[sdk=iphonesimulator*]" = UIStatusBarStyleDefault;
				INFOPLIST_KEY_UISupportedInterfaceOrientations = "UIInterfaceOrientationLandscapeLeft UIInterfaceOrientationLandscapeRight UIInterfaceOrientationPortrait UIInterfaceOrientationPortraitUpsideDown";
				IPHONEOS_DEPLOYMENT_TARGET = 26.4;
				LD_RUNPATH_SEARCH_PATHS = "@executable_path/Frameworks";
				"LD_RUNPATH_SEARCH_PATHS[sdk=macosx*]" = "@executable_path/../Frameworks";
				MACOSX_DEPLOYMENT_TARGET = 26.4;
				MARKETING_VERSION = 1.0;
				PRODUCT_BUNDLE_IDENTIFIER = tasio.lumvyn;
				PRODUCT_NAME = "$(TARGET_NAME)";
				REGISTER_APP_GROUPS = YES;
				SDKROOT = auto;
				STRING_CATALOG_GENERATE_SYMBOLS = YES;
				SUPPORTED_PLATFORMS = "appletvos appletvsimulator iphoneos iphonesimulator macosx xros xrsimulator";
				SUPPORTS_MACCATALYST = YES;
				SUPPORTS_XR_DESIGNED_FOR_IPHONE_IPAD = YES;
				SWIFT_APPROACHABLE_CONCURRENCY = YES;
				SWIFT_DEFAULT_ACTOR_ISOLATION = MainActor;
				SWIFT_EMIT_LOC_STRINGS = YES;
				SWIFT_UPCOMING_FEATURE_MEMBER_IMPORT_VISIBILITY = YES;
				SWIFT_VERSION = 5.0;
				TARGETED_DEVICE_FAMILY = "1,2,3,7";
				XROS_DEPLOYMENT_TARGET = 26.4;
			};
			name = Release;
		};
		809080EF2F8AB03D00F2C35A /* Debug */ = {
			isa = XCBuildConfiguration;
			buildSettings = {
				ALWAYS_SEARCH_USER_PATHS = NO;
				ASSETCATALOG_COMPILER_GENERATE_SWIFT_ASSET_SYMBOL_EXTENSIONS = YES;
				CLANG_ANALYZER_NONNULL = YES;
				CLANG_ANALYZER_NUMBER_OBJECT_CONVERSION = YES_AGGRESSIVE;
				CLANG_CXX_LANGUAGE_STANDARD = "gnu++20";
				CLANG_ENABLE_MODULES = YES;
				CLANG_ENABLE_OBJC_ARC = YES;
				CLANG_ENABLE_OBJC_WEAK = YES;
				CLANG_WARN_BLOCK_CAPTURE_AUTORELEASING = YES;
				CLANG_WARN_BOOL_CONVERSION = YES;
				CLANG_WARN_COMMA = YES;
				CLANG_WARN_CONSTANT_CONVERSION = YES;
				CLANG_WARN_DEPRECATED_OBJC_IMPLEMENTATIONS = YES;
				CLANG_WARN_DIRECT_OBJC_ISA_USAGE = YES_ERROR;
				CLANG_WARN_DOCUMENTATION_COMMENTS = YES;
				CLANG_WARN_EMPTY_BODY = YES;
				CLANG_WARN_ENUM_CONVERSION = YES;
				CLANG_WARN_INFINITE_RECURSION = YES;
				CLANG_WARN_INT_CONVERSION = YES;
				CLANG_WARN_NON_LITERAL_NULL_CONVERSION = YES;
				CLANG_WARN_OBJC_IMPLICIT_RETAIN_SELF = YES;
				CLANG_WARN_OBJC_LITERAL_CONVERSION = YES;
				CLANG_WARN_OBJC_ROOT_CLASS = YES_ERROR;
				CLANG_WARN_QUOTED_INCLUDE_IN_FRAMEWORK_HEADER = YES;
				CLANG_WARN_RANGE_LOOP_ANALYSIS = YES;
				CLANG_WARN_STRICT_PROTOTYPES = YES;
				CLANG_WARN_SUSPICIOUS_MOVE = YES;
				CLANG_WARN_UNGUARDED_AVAILABILITY = YES_AGGRESSIVE;
				CLANG_WARN_UNREACHABLE_CODE = YES;
				CLANG_WARN__DUPLICATE_METHOD_MATCH = YES;
				COPY_PHASE_STRIP = NO;
				DEBUG_INFORMATION_FORMAT = dwarf;
				DEVELOPMENT_TEAM = UHU4BKA2VU;
				ENABLE_STRICT_OBJC_MSGSEND = YES;
				ENABLE_TESTABILITY = YES;
				ENABLE_USER_SCRIPT_SANDBOXING = YES;
				GCC_C_LANGUAGE_STANDARD = gnu17;
				GCC_DYNAMIC_NO_PIC = NO;
				GCC_NO_COMMON_BLOCKS = YES;
				GCC_OPTIMIZATION_LEVEL = 0;
				GCC_PREPROCESSOR_DEFINITIONS = (
					"DEBUG=1",
					"$(inherited)",
				);
				GCC_WARN_64_TO_32_BIT_CONVERSION = YES;
				GCC_WARN_ABOUT_RETURN_TYPE = YES_ERROR;
				GCC_WARN_UNDECLARED_SELECTOR = YES;
				GCC_WARN_UNINITIALIZED_AUTOS = YES_AGGRESSIVE;
				GCC_WARN_UNUSED_FUNCTION = YES;
				GCC_WARN_UNUSED_VARIABLE = YES;
				LOCALIZATION_PREFERS_STRING_CATALOGS = YES;
				MTL_ENABLE_DEBUG_INFO = INCLUDE_SOURCE;
				MTL_FAST_MATH = YES;
				ONLY_ACTIVE_ARCH = YES;
				SWIFT_ACTIVE_COMPILATION_CONDITIONS = "DEBUG $(inherited)";
				SWIFT_OPTIMIZATION_LEVEL = "-Onone";
			};
			name = Debug;
		};
		809080F02F8AB03D00F2C35A /* Release */ = {
			isa = XCBuildConfiguration;
			buildSettings = {
				ALWAYS_SEARCH_USER_PATHS = NO;
				ASSETCATALOG_COMPILER_GENERATE_SWIFT_ASSET_SYMBOL_EXTENSIONS = YES;
				CLANG_ANALYZER_NONNULL = YES;
				CLANG_ANALYZER_NUMBER_OBJECT_CONVERSION = YES_AGGRESSIVE;
				CLANG_CXX_LANGUAGE_STANDARD = "gnu++20";
				CLANG_ENABLE_MODULES = YES;
				CLANG_ENABLE_OBJC_ARC = YES;
				CLANG_ENABLE_OBJC_WEAK = YES;
				CLANG_WARN_BLOCK_CAPTURE_AUTORELEASING = YES;
				CLANG_WARN_BOOL_CONVERSION = YES;
				CLANG_WARN_COMMA = YES;
				CLANG_WARN_CONSTANT_CONVERSION = YES;
				CLANG_WARN_DEPRECATED_OBJC_IMPLEMENTATIONS = YES;
				CLANG_WARN_DIRECT_OBJC_ISA_USAGE = YES_ERROR;
				CLANG_WARN_DOCUMENTATION_COMMENTS = YES;
				CLANG_WARN_EMPTY_BODY = YES;
				CLANG_WARN_ENUM_CONVERSION = YES;
				CLANG_WARN_INFINITE_RECURSION = YES;
				CLANG_WARN_INT_CONVERSION = YES;
				CLANG_WARN_NON_LITERAL_NULL_CONVERSION = YES;
				CLANG_WARN_OBJC_IMPLICIT_RETAIN_SELF = YES;
				CLANG_WARN_OBJC_LITERAL_CONVERSION = YES;
				CLANG_WARN_OBJC_ROOT_CLASS = YES_ERROR;
				CLANG_WARN_QUOTED_INCLUDE_IN_FRAMEWORK_HEADER = YES;
				CLANG_WARN_RANGE_LOOP_ANALYSIS = YES;
				CLANG_WARN_STRICT_PROTOTYPES = YES;
				CLANG_WARN_SUSPICIOUS_MOVE = YES;
				CLANG_WARN_UNGUARDED_AVAILABILITY = YES_AGGRESSIVE;
				CLANG_WARN_UNREACHABLE_CODE = YES;
				CLANG_WARN__DUPLICATE_METHOD_MATCH = YES;
				COPY_PHASE_STRIP = NO;
				DEBUG_INFORMATION_FORMAT = "dwarf-with-dsym";
				DEVELOPMENT_TEAM = UHU4BKA2VU;
				ENABLE_NS_ASSERTIONS = NO;
				ENABLE_STRICT_OBJC_MSGSEND = YES;
				ENABLE_USER_SCRIPT_SANDBOXING = YES;
				GCC_C_LANGUAGE_STANDARD = gnu17;
				GCC_NO_COMMON_BLOCKS = YES;
				GCC_WARN_64_TO_32_BIT_CONVERSION = YES;
				GCC_WARN_ABOUT_RETURN_TYPE = YES_ERROR;
				GCC_WARN_UNDECLARED_SELECTOR = YES;
				GCC_WARN_UNINITIALIZED_AUTOS = YES_AGGRESSIVE;
				GCC_WARN_UNUSED_FUNCTION = YES;
				GCC_WARN_UNUSED_VARIABLE = YES;
				LOCALIZATION_PREFERS_STRING_CATALOGS = YES;
				MTL_ENABLE_DEBUG_INFO = NO;
				MTL_FAST_MATH = YES;
				SWIFT_COMPILATION_MODE = wholemodule;
			};
			name = Release;
		};
		809080F22F8AB03D00F2C35A /* Debug */ = {
			isa = XCBuildConfiguration;
			buildSettings = {
				BUNDLE_LOADER = "$(TEST_HOST)";
				CODE_SIGN_STYLE = Automatic;
				CURRENT_PROJECT_VERSION = 1;
				DEVELOPMENT_TEAM = UHU4BKA2VU;
				GENERATE_INFOPLIST_FILE = YES;
				IPHONEOS_DEPLOYMENT_TARGET = 26.4;
				MACOSX_DEPLOYMENT_TARGET = 26.4;
				MARKETING_VERSION = 1.0;
				PRODUCT_BUNDLE_IDENTIFIER = tasio.lumvynTests;
				PRODUCT_NAME = "$(TARGET_NAME)";
				SDKROOT = auto;
				STRING_CATALOG_GENERATE_SYMBOLS = NO;
				SUPPORTED_PLATFORMS = "iphoneos iphonesimulator macosx xros xrsimulator";
				SWIFT_APPROACHABLE_CONCURRENCY = YES;
				SWIFT_EMIT_LOC_STRINGS = NO;
				SWIFT_UPCOMING_FEATURE_MEMBER_IMPORT_VISIBILITY = YES;
				SWIFT_VERSION = 5.0;
				TARGETED_DEVICE_FAMILY = "1,2,7";
				TEST_HOST = "$(BUILT_PRODUCTS_DIR)/lumvyn.app/$(BUNDLE_EXECUTABLE_FOLDER_PATH)/lumvyn";
				XROS_DEPLOYMENT_TARGET = 26.4;
			};
			name = Debug;
		};
		809080F32F8AB03D00F2C35A /* Release */ = {
			isa = XCBuildConfiguration;
			buildSettings = {
				BUNDLE_LOADER = "$(TEST_HOST)";
				CODE_SIGN_STYLE = Automatic;
				CURRENT_PROJECT_VERSION = 1;
				DEVELOPMENT_TEAM = UHU4BKA2VU;
				GENERATE_INFOPLIST_FILE = YES;
				IPHONEOS_DEPLOYMENT_TARGET = 26.4;
				MACOSX_DEPLOYMENT_TARGET = 26.4;
				MARKETING_VERSION = 1.0;
				PRODUCT_BUNDLE_IDENTIFIER = tasio.lumvynTests;
				PRODUCT_NAME = "$(TARGET_NAME)";
				SDKROOT = auto;
				STRING_CATALOG_GENERATE_SYMBOLS = NO;
				SUPPORTED_PLATFORMS = "iphoneos iphonesimulator macosx xros xrsimulator";
				SWIFT_APPROACHABLE_CONCURRENCY = YES;
				SWIFT_EMIT_LOC_STRINGS = NO;
				SWIFT_UPCOMING_FEATURE_MEMBER_IMPORT_VISIBILITY = YES;
				SWIFT_VERSION = 5.0;
				TARGETED_DEVICE_FAMILY = "1,2,7";
				TEST_HOST = "$(BUILT_PRODUCTS_DIR)/lumvyn.app/$(BUNDLE_EXECUTABLE_FOLDER_PATH)/lumvyn";
				XROS_DEPLOYMENT_TARGET = 26.4;
			};
			name = Release;
		};
		809080F52F8AB03D00F2C35A /* Debug */ = {
			isa = XCBuildConfiguration;
			buildSettings = {
				CODE_SIGN_STYLE = Automatic;
				CURRENT_PROJECT_VERSION = 1;
				DEVELOPMENT_TEAM = UHU4BKA2VU;
				GENERATE_INFOPLIST_FILE = YES;
				IPHONEOS_DEPLOYMENT_TARGET = 26.4;
				MACOSX_DEPLOYMENT_TARGET = 26.4;
				MARKETING_VERSION = 1.0;
				PRODUCT_BUNDLE_IDENTIFIER = tasio.lumvynUITests;
				PRODUCT_NAME = "$(TARGET_NAME)";
				SDKROOT = auto;
				STRING_CATALOG_GENERATE_SYMBOLS = NO;
				SUPPORTED_PLATFORMS = "iphoneos iphonesimulator macosx xros xrsimulator";
				SWIFT_APPROACHABLE_CONCURRENCY = YES;
				SWIFT_EMIT_LOC_STRINGS = NO;
				SWIFT_UPCOMING_FEATURE_MEMBER_IMPORT_VISIBILITY = YES;
				SWIFT_VERSION = 5.0;
				TARGETED_DEVICE_FAMILY = "1,2,7";
				TEST_TARGET_NAME = lumvyn;
				XROS_DEPLOYMENT_TARGET = 26.4;
			};
			name = Debug;
		};
		809080F62F8AB03D00F2C35A /* Release */ = {
			isa = XCBuildConfiguration;
			buildSettings = {
				CODE_SIGN_STYLE = Automatic;
				CURRENT_PROJECT_VERSION = 1;
				DEVELOPMENT_TEAM = UHU4BKA2VU;
				GENERATE_INFOPLIST_FILE = YES;
				IPHONEOS_DEPLOYMENT_TARGET = 26.4;
				MACOSX_DEPLOYMENT_TARGET = 26.4;
				MARKETING_VERSION = 1.0;
				PRODUCT_BUNDLE_IDENTIFIER = tasio.lumvynUITests;
				PRODUCT_NAME = "$(TARGET_NAME)";
				SDKROOT = auto;
				STRING_CATALOG_GENERATE_SYMBOLS = NO;
				SUPPORTED_PLATFORMS = "iphoneos iphonesimulator macosx xros xrsimulator";
				SWIFT_APPROACHABLE_CONCURRENCY = YES;
				SWIFT_EMIT_LOC_STRINGS = NO;
				SWIFT_UPCOMING_FEATURE_MEMBER_IMPORT_VISIBILITY = YES;
				SWIFT_VERSION = 5.0;
				TARGETED_DEVICE_FAMILY = "1,2,7";
				TEST_TARGET_NAME = lumvyn;
				XROS_DEPLOYMENT_TARGET = 26.4;
			};
			name = Release;
		};
		80DD18C02F93E7E50068CE87 /* Debug */ = {
			isa = XCBuildConfiguration;
			buildSettings = {
				CODE_SIGN_STYLE = Automatic;
				CURRENT_PROJECT_VERSION = 1;
				DEVELOPMENT_TEAM = UHU4BKA2VU;
				ENABLE_APP_SANDBOX = YES;
				ENABLE_HARDENED_RUNTIME = YES;
				ENABLE_OUTGOING_NETWORK_CONNECTIONS = YES;
				GENERATE_INFOPLIST_FILE = YES;
				INFOPLIST_FILE = "lumvynWidget-Extension/Info.plist";
				INFOPLIST_KEY_CFBundleDisplayName = "lumvynWidget-Extension";
				INFOPLIST_KEY_NSHumanReadableCopyright = "";
				LD_RUNPATH_SEARCH_PATHS = (
					"$(inherited)",
					"@executable_path/Frameworks",
					"@executable_path/../../Frameworks",
				);
				MARKETING_VERSION = 1.0;
				PRODUCT_BUNDLE_IDENTIFIER = "tasio.lumvyn.lumvynWidget-Extension";
				PRODUCT_NAME = "$(TARGET_NAME)";
				REGISTER_APP_GROUPS = YES;
				SDKROOT = xros;
				SKIP_INSTALL = YES;
				STRING_CATALOG_GENERATE_SYMBOLS = YES;
				SUPPORTED_PLATFORMS = "appletvos appletvsimulator iphoneos iphonesimulator macosx watchos watchsimulator xros xrsimulator";
				SUPPORTS_MACCATALYST = NO;
				SWIFT_APPROACHABLE_CONCURRENCY = YES;
				SWIFT_EMIT_LOC_STRINGS = YES;
				SWIFT_UPCOMING_FEATURE_MEMBER_IMPORT_VISIBILITY = YES;
				SWIFT_VERSION = 5.0;
				TARGETED_DEVICE_FAMILY = "1,2,3,4,7";
				XROS_DEPLOYMENT_TARGET = 26.4;
			};
			name = Debug;
		};
		80DD18C12F93E7E50068CE87 /* Release */ = {
			isa = XCBuildConfiguration;
			buildSettings = {
				CODE_SIGN_STYLE = Automatic;
				CURRENT_PROJECT_VERSION = 1;
				DEVELOPMENT_TEAM = UHU4BKA2VU;
				ENABLE_APP_SANDBOX = YES;
				ENABLE_HARDENED_RUNTIME = YES;
				ENABLE_OUTGOING_NETWORK_CONNECTIONS = YES;
				GENERATE_INFOPLIST_FILE = YES;
				INFOPLIST_FILE = "lumvynWidget-Extension/Info.plist";
				INFOPLIST_KEY_CFBundleDisplayName = "lumvynWidget-Extension";
				INFOPLIST_KEY_NSHumanReadableCopyright = "";
				LD_RUNPATH_SEARCH_PATHS = (
					"$(inherited)",
					"@executable_path/Frameworks",
					"@executable_path/../../Frameworks",
				);
				MARKETING_VERSION = 1.0;
				PRODUCT_BUNDLE_IDENTIFIER = "tasio.lumvyn.lumvynWidget-Extension";
				PRODUCT_NAME = "$(TARGET_NAME)";
				REGISTER_APP_GROUPS = YES;
				SDKROOT = xros;
				SKIP_INSTALL = YES;
				STRING_CATALOG_GENERATE_SYMBOLS = YES;
				SUPPORTED_PLATFORMS = "appletvos appletvsimulator iphoneos iphonesimulator macosx watchos watchsimulator xros xrsimulator";
				SUPPORTS_MACCATALYST = NO;
				SWIFT_APPROACHABLE_CONCURRENCY = YES;
				SWIFT_EMIT_LOC_STRINGS = YES;
				SWIFT_UPCOMING_FEATURE_MEMBER_IMPORT_VISIBILITY = YES;
				SWIFT_VERSION = 5.0;
				TARGETED_DEVICE_FAMILY = "1,2,3,4,7";
				VALIDATE_PRODUCT = YES;
				XROS_DEPLOYMENT_TARGET = 26.4;
			};
			name = Release;
		};
/* End XCBuildConfiguration section */

/* Begin XCConfigurationList section */
		809080C02F8AB03C00F2C35A /* Build configuration list for PBXProject "lumvyn" */ = {
			isa = XCConfigurationList;
			buildConfigurations = (
				809080EF2F8AB03D00F2C35A /* Debug */,
				809080F02F8AB03D00F2C35A /* Release */,
			);
			defaultConfigurationIsVisible = 0;
			defaultConfigurationName = Release;
		};
		809080EC2F8AB03D00F2C35A /* Build configuration list for PBXNativeTarget "lumvyn" */ = {
			isa = XCConfigurationList;
			buildConfigurations = (
				809080ED2F8AB03D00F2C35A /* Debug */,
				809080EE2F8AB03D00F2C35A /* Release */,
			);
			defaultConfigurationIsVisible = 0;
			defaultConfigurationName = Release;
		};
		809080F12F8AB03D00F2C35A /* Build configuration list for PBXNativeTarget "lumvynTests" */ = {
			isa = XCConfigurationList;
			buildConfigurations = (
				809080F22F8AB03D00F2C35A /* Debug */,
				809080F32F8AB03D00F2C35A /* Release */,
			);
			defaultConfigurationIsVisible = 0;
			defaultConfigurationName = Release;
		};
		809080F42F8AB03D00F2C35A /* Build configuration list for PBXNativeTarget "lumvynUITests" */ = {
			isa = XCConfigurationList;
			buildConfigurations = (
				809080F52F8AB03D00F2C35A /* Debug */,
				809080F62F8AB03D00F2C35A /* Release */,
			);
			defaultConfigurationIsVisible = 0;
			defaultConfigurationName = Release;
		};
		80DD18BF2F93E7E50068CE87 /* Build configuration list for PBXNativeTarget "lumvynWidget-Extension" */ = {
			isa = XCConfigurationList;
			buildConfigurations = (
				80DD18C02F93E7E50068CE87 /* Debug */,
				80DD18C12F93E7E50068CE87 /* Release */,
			);
			defaultConfigurationIsVisible = 0;
			defaultConfigurationName = Release;
		};
/* End XCConfigurationList section */

/* Begin XCRemoteSwiftPackageReference section */
		803919002F8B2DC000D53434 /* XCRemoteSwiftPackageReference "AMSMB2" */ = {
			isa = XCRemoteSwiftPackageReference;
			repositoryURL = "https://github.com/amosavian/AMSMB2.git";
			requirement = {
				kind = upToNextMajorVersion;
				minimumVersion = 4.0.3;
			};
		};
		803919032F8B2E1000D53434 /* XCRemoteSwiftPackageReference "swift-async-algorithms" */ = {
			isa = XCRemoteSwiftPackageReference;
			repositoryURL = "https://github.com/apple/swift-async-algorithms.git";
			requirement = {
				kind = upToNextMajorVersion;
				minimumVersion = 1.1.3;
			};
		};
/* End XCRemoteSwiftPackageReference section */

/* Begin XCSwiftPackageProductDependency section */
		803919012F8B2DC000D53434 /* AMSMB2 */ = {
			isa = XCSwiftPackageProductDependency;
			package = 803919002F8B2DC000D53434 /* XCRemoteSwiftPackageReference "AMSMB2" */;
			productName = AMSMB2;
		};
		803919042F8B2E1000D53434 /* AsyncAlgorithms */ = {
			isa = XCSwiftPackageProductDependency;
			package = 803919032F8B2E1000D53434 /* XCRemoteSwiftPackageReference "swift-async-algorithms" */;
			productName = AsyncAlgorithms;
		};
/* End XCSwiftPackageProductDependency section */
	};
	rootObject = 809080BD2F8AB03C00F2C35A /* Project object */;
}
